Microsoft Visual Studio Solution File, Format Version 12.00
# Visual Studio Version 17
VisualStudioVersion = 17.5.2.0
MinimumVisualStudioVersion = 10.0.40219.1
Project("{FAE04EC0-301F-11D3-BF4B-00C04F79EFBC}") = "JS1Framework", "JS1Framework-Mod\JS1Framework.csproj", "{BA91EF98-36C9-E43C-CA8A-8D8A1965BE6A}"
EndProject
Project("{2150E333-8FDC-42A3-9474-1A3956D46DE8}") = "Examples", "Examples", "{B36A84DF-456D-A817-6EDD-3EC3E7F6E11F}"
EndProject
Project("{FAE04EC0-301F-11D3-BF4B-00C04F79EFBC}") = "ExampleAxe", "Examples\ExampleAxe\ExampleAxe.csproj", "{9220B1AC-FE6C-0905-9112-FE3BE901E48E}"
EndProject
Project("{FAE04EC0-301F-11D3-BF4B-00C04F79EFBC}") = "ExamplePistol", "Examples\ExamplePistol\ExamplePistol.csproj", "{A4227E30-66C4-484A-8DC3-CB7B6ACB5BB0}"
EndProject
Global
	GlobalSection(SolutionConfigurationPlatforms) = preSolution
		Debug|Any CPU = Debug|Any CPU
		Release|Any CPU = Release|Any CPU
	EndGlobalSection
	GlobalSection(ProjectConfigurationPlatforms) = postSolution
		{BA91EF98-36C9-E43C-CA8A-8D8A1965BE6A}.Debug|Any CPU.ActiveCfg = Debug|Any CPU
		{BA91EF98-36C9-E43C-CA8A-8D8A1965BE6A}.Debug|Any CPU.Build.0 = Debug|Any CPU
		{BA91EF98-36C9-E43C-CA8A-8D8A1965BE6A}.Release|Any CPU.ActiveCfg = Release|Any CPU
		{BA91EF98-36C9-E43C-CA8A-8D8A1965BE6A}.Release|Any CPU.Build.0 = Release|Any CPU
		{9220B1AC-FE6C-0905-9112-FE3BE901E48E}.Debug|Any CPU.ActiveCfg = Debug|Any CPU
		{9220B1AC-FE6C-0905-9112-FE3BE901E48E}.Debug|Any CPU.Build.0 = Debug|Any CPU
		{9220B1AC-FE6C-0905-9112-FE3BE901E48E}.Release|Any CPU.ActiveCfg = Release|Any CPU
		{9220B1AC-FE6C-0905-9112-FE3BE901E48E}.Release|Any CPU.Build.0 = Release|Any CPU
		{A4227E30-66C4-484A-8DC3-CB7B6ACB5BB0}.Debug|Any CPU.ActiveCfg = Debug|Any CPU
		{A4227E30-66C4-484A-8DC3-CB7B6ACB5BB0}.Debug|Any CPU.Build.0 = Debug|Any CPU
		{A4227E30-66C4-484A-8DC3-CB7B6ACB5BB0}.Release|Any CPU.ActiveCfg = Release|Any CPU
		{A4227E30-66C4-484A-8DC3-CB7B6ACB5BB0}.Release|Any CPU.Build.0 = Release|Any CPU
	EndGlobalSection
	GlobalSection(SolutionProperties) = preSolution
		HideSolutionNode = FALSE
	EndGlobalSection
	GlobalSection(NestedProjects) = preSolution
		{9220B1AC-FE6C-0905-9112-FE3BE901E48E} = {B36A84DF-456D-A817-6EDD-3EC3E7F6E11F}
		{A4227E30-66C4-484A-8DC3-CB7B6ACB5BB0} = {B36A84DF-456D-A817-6EDD-3EC3E7F6E11F}
	EndGlobalSection
	GlobalSection(ExtensibilityGlobals) = postSolution
		SolutionGuid = {379E426F-BBDA-4610-8802-EB0D7F7D53A8}
	EndGlobalSection
EndGlobal
